PODS:
  - PromiseKit (4.1.7):
    - PromiseKit/Foundation (= 4.1.7)
    - PromiseKit/QuartzCore (= 4.1.7)
    - PromiseKit/UIKit (= 4.1.7)
  - PromiseKit/CorePromise (4.1.7)
  - PromiseKit/Foundation (4.1.7):
    - PromiseKit/CorePromise
  - PromiseKit/QuartzCore (4.1.7):
    - PromiseKit/CorePromise
  - PromiseKit/UIKit (4.1.7):
    - PromiseKit/CorePromise

DEPENDENCIES:
  - PromiseKit (~> 4.1)

SPEC CHECKSUMS:
  PromiseKit: 779f2e41faf62d854e7593026ddbcb0bb5c5002d

PODFILE CHECKSUM: 1f893f3ae26f6d5d7e4cf1e14ec8d40c9210ffc4

COCOAPODS: 1.2.0.beta.3
